
Microsoft Visual Studio Solution File, Format Version 12.00
# Visual Studio Version 16
VisualStudioVersion = 16.0.30611.23
MinimumVisualStudioVersion = 10.0.40219.1
Project("{00D1A9C2-B5F0-4AF3-8072-F6C62B433612}") = "Mancala.Database", "Mancala.Database\Mancala.Database.sqlproj", "{56C14004-7A26-48F2-B9D3-99B339006ECE}"
EndProject
Global
	GlobalSection(SolutionConfigurationPlatforms) = preSolution
		Debug|Any CPU = Debug|Any CPU
		Release|Any CPU = Release|Any CPU
	EndGlobalSection
	GlobalSection(ProjectConfigurationPlatforms) = postSolution
		{56C14004-7A26-48F2-B9D3-99B339006ECE}.Debug|Any CPU.ActiveCfg = Debug|Any CPU
		{56C14004-7A26-48F2-B9D3-99B339006ECE}.Debug|Any CPU.Build.0 = Debug|Any CPU
		{56C14004-7A26-48F2-B9D3-99B339006ECE}.Debug|Any CPU.Deploy.0 = Debug|Any CPU
		{56C14004-7A26-48F2-B9D3-99B339006ECE}.Release|Any CPU.ActiveCfg = Release|Any CPU
		{56C14004-7A26-48F2-B9D3-99B339006ECE}.Release|Any CPU.Build.0 = Release|Any CPU
		{56C14004-7A26-48F2-B9D3-99B339006ECE}.Release|Any CPU.Deploy.0 = Release|Any CPU
	EndGlobalSection
	GlobalSection(SolutionProperties) = preSolution
		HideSolutionNode = FALSE
	EndGlobalSection
	GlobalSection(ExtensibilityGlobals) = postSolution
		SolutionGuid = {A6F67228-AEB5-4720-8475-B2B8F986DC14}
	EndGlobalSection
EndGlobal
